
Microsoft Visual Studio Solution File, Format Version 12.00
# Visual Studio Version 16
VisualStudioVersion = 16.0.30523.141
MinimumVisualStudioVersion = 10.0.40219.1
Project("{D954291E-2A0B-460D-934E-DC6B0785DB48}") = "BugTracker.Shared", "BugTracker\BugTracker.Shared\BugTracker.Shared.shproj", "{6279C845-92F8-4333-AB99-3D213163593C}"
EndProject
Project("{FAE04EC0-301F-11D3-BF4B-00C04F79EFBC}") = "BugTracker.Droid", "BugTracker\BugTracker.Droid\BugTracker.Droid.csproj", "{86933082-31FB-49B5-9C82-B4C7001C7CA7}"
EndProject
Project("{FAE04EC0-301F-11D3-BF4B-00C04F79EFBC}") = "BugTracker.iOS", "BugTracker\BugTracker.iOS\BugTracker.iOS.csproj", "{B7903EE8-2A86-455F-BED9-800CD5DE2832}"
EndProject
Project("{FAE04EC0-301F-11D3-BF4B-00C04F79EFBC}") = "BugTracker.UWP", "BugTracker\BugTracker.UWP\BugTracker.UWP.csproj", "{7F14B37F-5081-4D0D-99D4-354EEDEA45EA}"
EndProject
Project("{FAE04EC0-301F-11D3-BF4B-00C04F79EFBC}") = "BugTracker.Wasm", "BugTracker\BugTracker.Wasm\BugTracker.Wasm.csproj", "{47506905-6A72-40BC-B68B-41DE8077B8C0}"
EndProject
Project("{FAE04EC0-301F-11D3-BF4B-00C04F79EFBC}") = "BugTracker.macOS", "BugTracker\BugTracker.macOS\BugTracker.macOS.csproj", "{D4321F28-B722-41E6-ACB2-62F954CBB970}"
EndProject
Global
	GlobalSection(SharedMSBuildProjectFiles) = preSolution
		BugTracker\BugTracker.Shared\BugTracker.Shared.projitems*{47506905-6a72-40bc-b68b-41de8077b8c0}*SharedItemsImports = 5
		BugTracker\BugTracker.Shared\BugTracker.Shared.projitems*{6279c845-92f8-4333-ab99-3d213163593c}*SharedItemsImports = 13
		BugTracker\BugTracker.Shared\BugTracker.Shared.projitems*{7f14b37f-5081-4d0d-99d4-354eedea45ea}*SharedItemsImports = 4
		BugTracker\BugTracker.Shared\BugTracker.Shared.projitems*{86933082-31fb-49b5-9c82-b4c7001c7ca7}*SharedItemsImports = 4
		BugTracker\BugTracker.Shared\BugTracker.Shared.projitems*{b7903ee8-2a86-455f-bed9-800cd5de2832}*SharedItemsImports = 4
		BugTracker\BugTracker.Shared\BugTracker.Shared.projitems*{d4321f28-b722-41e6-acb2-62f954cbb970}*SharedItemsImports = 4
	EndGlobalSection
	GlobalSection(SolutionConfigurationPlatforms) = preSolution
		Ad-Hoc|Any CPU = Ad-Hoc|Any CPU
		Ad-Hoc|ARM = Ad-Hoc|ARM
		Ad-Hoc|ARM64 = Ad-Hoc|ARM64
		Ad-Hoc|iPhone = Ad-Hoc|iPhone
		Ad-Hoc|iPhoneSimulator = Ad-Hoc|iPhoneSimulator
		Ad-Hoc|x64 = Ad-Hoc|x64
		Ad-Hoc|x86 = Ad-Hoc|x86
		AppStore|Any CPU = AppStore|Any CPU
		AppStore|ARM = AppStore|ARM
		AppStore|ARM64 = AppStore|ARM64
		AppStore|iPhone = AppStore|iPhone
		AppStore|iPhoneSimulator = AppStore|iPhoneSimulator
		AppStore|x64 = AppStore|x64
		AppStore|x86 = AppStore|x86
		Debug|Any CPU = Debug|Any CPU
		Debug|ARM = Debug|ARM
		Debug|ARM64 = Debug|ARM64
		Debug|iPhone = Debug|iPhone
		Debug|iPhoneSimulator = Debug|iPhoneSimulator
		Debug|x64 = Debug|x64
		Debug|x86 = Debug|x86
		Release|Any CPU = Release|Any CPU
		Release|ARM = Release|ARM
		Release|ARM64 = Release|ARM64
		Release|iPhone = Release|iPhone
		Release|iPhoneSimulator = Release|iPhoneSimulator
		Release|x64 = Release|x64
		Release|x86 = Release|x86
	EndGlobalSection
	GlobalSection(ProjectConfigurationPlatforms) = postSolution
		{86933082-31FB-49B5-9C82-B4C7001C7CA7}.Ad-Hoc|Any CPU.ActiveCfg = Debug|Any CPU
		{86933082-31FB-49B5-9C82-B4C7001C7CA7}.Ad-Hoc|Any CPU.Build.0 = Debug|Any CPU
		{86933082-31FB-49B5-9C82-B4C7001C7CA7}.Ad-Hoc|Any CPU.Deploy.0 = Debug|Any CPU
		{86933082-31FB-49B5-9C82-B4C7001C7CA7}.Ad-Hoc|ARM.ActiveCfg = Debug|Any CPU
		{86933082-31FB-49B5-9C82-B4C7001C7CA7}.Ad-Hoc|ARM.Build.0 = Debug|Any CPU
		{86933082-31FB-49B5-9C82-B4C7001C7CA7}.Ad-Hoc|ARM.Deploy.0 = Debug|Any CPU
		{86933082-31FB-49B5-9C82-B4C7001C7CA7}.Ad-Hoc|ARM64.ActiveCfg = Debug|Any CPU
		{86933082-31FB-49B5-9C82-B4C7001C7CA7}.Ad-Hoc|ARM64.Build.0 = Debug|Any CPU
		{86933082-31FB-49B5-9C82-B4C7001C7CA7}.Ad-Hoc|ARM64.Deploy.0 = Debug|Any CPU
		{86933082-31FB-49B5-9C82-B4C7001C7CA7}.Ad-Hoc|iPhone.ActiveCfg = Debug|Any CPU
		{86933082-31FB-49B5-9C82-B4C7001C7CA7}.Ad-Hoc|iPhone.Build.0 = Debug|Any CPU
		{86933082-31FB-49B5-9C82-B4C7001C7CA7}.Ad-Hoc|iPhone.Deploy.0 = Debug|Any CPU
		{86933082-31FB-49B5-9C82-B4C7001C7CA7}.Ad-Hoc|iPhoneSimulator.ActiveCfg = Debug|Any CPU
		{86933082-31FB-49B5-9C82-B4C7001C7CA7}.Ad-Hoc|iPhoneSimulator.Build.0 = Debug|Any CPU
		{86933082-31FB-49B5-9C82-B4C7001C7CA7}.Ad-Hoc|iPhoneSimulator.Deploy.0 = Debug|Any CPU
		{86933082-31FB-49B5-9C82-B4C7001C7CA7}.Ad-Hoc|x64.ActiveCfg = Debug|Any CPU
		{86933082-31FB-49B5-9C82-B4C7001C7CA7}.Ad-Hoc|x64.Build.0 = Debug|Any CPU
		{86933082-31FB-49B5-9C82-B4C7001C7CA7}.Ad-Hoc|x64.Deploy.0 = Debug|Any CPU
		{86933082-31FB-49B5-9C82-B4C7001C7CA7}.Ad-Hoc|x86.ActiveCfg = Debug|Any CPU
		{86933082-31FB-49B5-9C82-B4C7001C7CA7}.Ad-Hoc|x86.Build.0 = Debug|Any CPU
		{86933082-31FB-49B5-9C82-B4C7001C7CA7}.Ad-Hoc|x86.Deploy.0 = Debug|Any CPU
		{86933082-31FB-49B5-9C82-B4C7001C7CA7}.AppStore|Any CPU.ActiveCfg = Debug|Any CPU
		{86933082-31FB-49B5-9C82-B4C7001C7CA7}.AppStore|Any CPU.Build.0 = Debug|Any CPU
		{86933082-31FB-49B5-9C82-B4C7001C7CA7}.AppStore|Any CPU.Deploy.0 = Debug|Any CPU
		{86933082-31FB-49B5-9C82-B4C7001C7CA7}.AppStore|ARM.ActiveCfg = Debug|Any CPU
		{86933082-31FB-49B5-9C82-B4C7001C7CA7}.AppStore|ARM.Build.0 = Debug|Any CPU
		{86933082-31FB-49B5-9C82-B4C7001C7CA7}.AppStore|ARM.Deploy.0 = Debug|Any CPU
		{86933082-31FB-49B5-9C82-B4C7001C7CA7}.AppStore|ARM64.ActiveCfg = Debug|Any CPU
		{86933082-31FB-49B5-9C82-B4C7001C7CA7}.AppStore|ARM64.Build.0 = Debug|Any CPU
		{86933082-31FB-49B5-9C82-B4C7001C7CA7}.AppStore|ARM64.Deploy.0 = Debug|Any CPU
		{86933082-31FB-49B5-9C82-B4C7001C7CA7}.AppStore|iPhone.ActiveCfg = Debug|Any CPU
		{86933082-31FB-49B5-9C82-B4C7001C7CA7}.AppStore|iPhone.Build.0 = Debug|Any CPU
		{86933082-31FB-49B5-9C82-B4C7001C7CA7}.AppStore|iPhone.Deploy.0 = Debug|Any CPU
		{86933082-31FB-49B5-9C82-B4C7001C7CA7}.AppStore|iPhoneSimulator.ActiveCfg = Debug|Any CPU
		{86933082-31FB-49B5-9C82-B4C7001C7CA7}.AppStore|iPhoneSimulator.Build.0 = Debug|Any CPU
		{86933082-31FB-49B5-9C82-B4C7001C7CA7}.AppStore|iPhoneSimulator.Deploy.0 = Debug|Any CPU
		{86933082-31FB-49B5-9C82-B4C7001C7CA7}.AppStore|x64.ActiveCfg = Debug|Any CPU
		{86933082-31FB-49B5-9C82-B4C7001C7CA7}.AppStore|x64.Build.0 = Debug|Any CPU
		{86933082-31FB-49B5-9C82-B4C7001C7CA7}.AppStore|x64.Deploy.0 = Debug|Any CPU
		{86933082-31FB-49B5-9C82-B4C7001C7CA7}.AppStore|x86.ActiveCfg = Debug|Any CPU
		{86933082-31FB-49B5-9C82-B4C7001C7CA7}.AppStore|x86.Build.0 = Debug|Any CPU
		{86933082-31FB-49B5-9C82-B4C7001C7CA7}.AppStore|x86.Deploy.0 = Debug|Any CPU
		{86933082-31FB-49B5-9C82-B4C7001C7CA7}.Debug|Any CPU.ActiveCfg = Debug|Any CPU
		{86933082-31FB-49B5-9C82-B4C7001C7CA7}.Debug|Any CPU.Build.0 = Debug|Any CPU
		{86933082-31FB-49B5-9C82-B4C7001C7CA7}.Debug|Any CPU.Deploy.0 = Debug|Any CPU
		{86933082-31FB-49B5-9C82-B4C7001C7CA7}.Debug|ARM.ActiveCfg = Debug|Any CPU
		{86933082-31FB-49B5-9C82-B4C7001C7CA7}.Debug|ARM.Build.0 = Debug|Any CPU
		{86933082-31FB-49B5-9C82-B4C7001C7CA7}.Debug|ARM.Deploy.0 = Debug|Any CPU
		{86933082-31FB-49B5-9C82-B4C7001C7CA7}.Debug|ARM64.ActiveCfg = Debug|Any CPU
		{86933082-31FB-49B5-9C82-B4C7001C7CA7}.Debug|ARM64.Build.0 = Debug|Any CPU
		{86933082-31FB-49B5-9C82-B4C7001C7CA7}.Debug|ARM64.Deploy.0 = Debug|Any CPU
		{86933082-31FB-49B5-9C82-B4C7001C7CA7}.Debug|iPhone.ActiveCfg = Debug|Any CPU
		{86933082-31FB-49B5-9C82-B4C7001C7CA7}.Debug|iPhone.Build.0 = Debug|Any CPU
		{86933082-31FB-49B5-9C82-B4C7001C7CA7}.Debug|iPhone.Deploy.0 = Debug|Any CPU
		{86933082-31FB-49B5-9C82-B4C7001C7CA7}.Debug|iPhoneSimulator.ActiveCfg = Debug|Any CPU
		{86933082-31FB-49B5-9C82-B4C7001C7CA7}.Debug|iPhoneSimulator.Build.0 = Debug|Any CPU
		{86933082-31FB-49B5-9C82-B4C7001C7CA7}.Debug|iPhoneSimulator.Deploy.0 = Debug|Any CPU
		{86933082-31FB-49B5-9C82-B4C7001C7CA7}.Debug|x64.ActiveCfg = Debug|Any CPU
		{86933082-31FB-49B5-9C82-B4C7001C7CA7}.Debug|x64.Build.0 = Debug|Any CPU
		{86933082-31FB-49B5-9C82-B4C7001C7CA7}.Debug|x64.Deploy.0 = Debug|Any CPU
		{86933082-31FB-49B5-9C82-B4C7001C7CA7}.Debug|x86.ActiveCfg = Debug|Any CPU
		{86933082-31FB-49B5-9C82-B4C7001C7CA7}.Debug|x86.Build.0 = Debug|Any CPU
		{86933082-31FB-49B5-9C82-B4C7001C7CA7}.Debug|x86.Deploy.0 = Debug|Any CPU
		{86933082-31FB-49B5-9C82-B4C7001C7CA7}.Release|Any CPU.ActiveCfg = Release|Any CPU
		{86933082-31FB-49B5-9C82-B4C7001C7CA7}.Release|Any CPU.Build.0 = Release|Any CPU
		{86933082-31FB-49B5-9C82-B4C7001C7CA7}.Release|Any CPU.Deploy.0 = Release|Any CPU
		{86933082-31FB-49B5-9C82-B4C7001C7CA7}.Release|ARM.ActiveCfg = Release|Any CPU
		{86933082-31FB-49B5-9C82-B4C7001C7CA7}.Release|ARM.Build.0 = Release|Any CPU
		{86933082-31FB-49B5-9C82-B4C7001C7CA7}.Release|ARM.Deploy.0 = Release|Any CPU
		{86933082-31FB-49B5-9C82-B4C7001C7CA7}.Release|ARM64.ActiveCfg = Release|Any CPU
		{86933082-31FB-49B5-9C82-B4C7001C7CA7}.Release|ARM64.Build.0 = Release|Any CPU
		{86933082-31FB-49B5-9C82-B4C7001C7CA7}.Release|ARM64.Deploy.0 = Release|Any CPU
		{86933082-31FB-49B5-9C82-B4C7001C7CA7}.Release|iPhone.ActiveCfg = Release|Any CPU
		{86933082-31FB-49B5-9C82-B4C7001C7CA7}.Release|iPhone.Build.0 = Release|Any CPU
		{86933082-31FB-49B5-9C82-B4C7001C7CA7}.Release|iPhone.Deploy.0 = Release|Any CPU
		{86933082-31FB-49B5-9C82-B4C7001C7CA7}.Release|iPhoneSimulator.ActiveCfg = Release|Any CPU
		{86933082-31FB-49B5-9C82-B4C7001C7CA7}.Release|iPhoneSimulator.Build.0 = Release|Any CPU
		{86933082-31FB-49B5-9C82-B4C7001C7CA7}.Release|iPhoneSimulator.Deploy.0 = Release|Any CPU
		{86933082-31FB-49B5-9C82-B4C7001C7CA7}.Release|x64.ActiveCfg = Release|Any CPU
		{86933082-31FB-49B5-9C82-B4C7001C7CA7}.Release|x64.Build.0 = Release|Any CPU
		{86933082-31FB-49B5-9C82-B4C7001C7CA7}.Release|x64.Deploy.0 = Release|Any CPU
		{86933082-31FB-49B5-9C82-B4C7001C7CA7}.Release|x86.ActiveCfg = Release|Any CPU
		{86933082-31FB-49B5-9C82-B4C7001C7CA7}.Release|x86.Build.0 = Release|Any CPU
		{86933082-31FB-49B5-9C82-B4C7001C7CA7}.Release|x86.Deploy.0 = Release|Any CPU
		{B7903EE8-2A86-455F-BED9-800CD5DE2832}.Ad-Hoc|Any CPU.ActiveCfg = Ad-Hoc|iPhoneSimulator
		{B7903EE8-2A86-455F-BED9-800CD5DE2832}.Ad-Hoc|ARM.ActiveCfg = Ad-Hoc|iPhoneSimulator
		{B7903EE8-2A86-455F-BED9-800CD5DE2832}.Ad-Hoc|ARM64.ActiveCfg = Ad-Hoc|iPhoneSimulator
		{B7903EE8-2A86-455F-BED9-800CD5DE2832}.Ad-Hoc|iPhone.ActiveCfg = Ad-Hoc|iPhone
		{B7903EE8-2A86-455F-BED9-800CD5DE2832}.Ad-Hoc|iPhone.Build.0 = Ad-Hoc|iPhone
		{B7903EE8-2A86-455F-BED9-800CD5DE2832}.Ad-Hoc|iPhoneSimulator.ActiveCfg = Ad-Hoc|iPhoneSimulator
		{B7903EE8-2A86-455F-BED9-800CD5DE2832}.Ad-Hoc|iPhoneSimulator.Build.0 = Ad-Hoc|iPhoneSimulator
		{B7903EE8-2A86-455F-BED9-800CD5DE2832}.Ad-Hoc|x64.ActiveCfg = Ad-Hoc|iPhoneSimulator
		{B7903EE8-2A86-455F-BED9-800CD5DE2832}.Ad-Hoc|x86.ActiveCfg = Ad-Hoc|iPhoneSimulator
		{B7903EE8-2A86-455F-BED9-800CD5DE2832}.AppStore|Any CPU.ActiveCfg = AppStore|iPhoneSimulator
		{B7903EE8-2A86-455F-BED9-800CD5DE2832}.AppStore|ARM.ActiveCfg = AppStore|iPhoneSimulator
		{B7903EE8-2A86-455F-BED9-800CD5DE2832}.AppStore|ARM64.ActiveCfg = AppStore|iPhoneSimulator
		{B7903EE8-2A86-455F-BED9-800CD5DE2832}.AppStore|iPhone.ActiveCfg = AppStore|iPhone
		{B7903EE8-2A86-455F-BED9-800CD5DE2832}.AppStore|iPhone.Build.0 = AppStore|iPhone
		{B7903EE8-2A86-455F-BED9-800CD5DE2832}.AppStore|iPhoneSimulator.ActiveCfg = AppStore|iPhoneSimulator
		{B7903EE8-2A86-455F-BED9-800CD5DE2832}.AppStore|iPhoneSimulator.Build.0 = AppStore|iPhoneSimulator
		{B7903EE8-2A86-455F-BED9-800CD5DE2832}.AppStore|x64.ActiveCfg = AppStore|iPhoneSimulator
		{B7903EE8-2A86-455F-BED9-800CD5DE2832}.AppStore|x86.ActiveCfg = AppStore|iPhoneSimulator
		{B7903EE8-2A86-455F-BED9-800CD5DE2832}.Debug|Any CPU.ActiveCfg = Debug|iPhoneSimulator
		{B7903EE8-2A86-455F-BED9-800CD5DE2832}.Debug|ARM.ActiveCfg = Debug|iPhoneSimulator
		{B7903EE8-2A86-455F-BED9-800CD5DE2832}.Debug|ARM64.ActiveCfg = Debug|iPhoneSimulator
		{B7903EE8-2A86-455F-BED9-800CD5DE2832}.Debug|iPhone.ActiveCfg = Debug|iPhone
		{B7903EE8-2A86-455F-BED9-800CD5DE2832}.Debug|iPhone.Build.0 = Debug|iPhone
		{B7903EE8-2A86-455F-BED9-800CD5DE2832}.Debug|iPhoneSimulator.ActiveCfg = Debug|iPhoneSimulator
		{B7903EE8-2A86-455F-BED9-800CD5DE2832}.Debug|iPhoneSimulator.Build.0 = Debug|iPhoneSimulator
		{B7903EE8-2A86-455F-BED9-800CD5DE2832}.Debug|x64.ActiveCfg = Debug|iPhoneSimulator
		{B7903EE8-2A86-455F-BED9-800CD5DE2832}.Debug|x86.ActiveCfg = Debug|iPhoneSimulator
		{B7903EE8-2A86-455F-BED9-800CD5DE2832}.Release|Any CPU.ActiveCfg = Release|iPhoneSimulator
		{B7903EE8-2A86-455F-BED9-800CD5DE2832}.Release|ARM.ActiveCfg = Release|iPhoneSimulator
		{B7903EE8-2A86-455F-BED9-800CD5DE2832}.Release|ARM64.ActiveCfg = Release|iPhoneSimulator
		{B7903EE8-2A86-455F-BED9-800CD5DE2832}.Release|iPhone.ActiveCfg = Release|iPhone
		{B7903EE8-2A86-455F-BED9-800CD5DE2832}.Release|iPhone.Build.0 = Release|iPhone
		{B7903EE8-2A86-455F-BED9-800CD5DE2832}.Release|iPhoneSimulator.ActiveCfg = Release|iPhoneSimulator
		{B7903EE8-2A86-455F-BED9-800CD5DE2832}.Release|iPhoneSimulator.Build.0 = Release|iPhoneSimulator
		{B7903EE8-2A86-455F-BED9-800CD5DE2832}.Release|x64.ActiveCfg = Release|iPhoneSimulator
		{B7903EE8-2A86-455F-BED9-800CD5DE2832}.Release|x86.ActiveCfg = Release|iPhoneSimulator
		{7F14B37F-5081-4D0D-99D4-354EEDEA45EA}.Ad-Hoc|Any CPU.ActiveCfg = Debug|x86
		{7F14B37F-5081-4D0D-99D4-354EEDEA45EA}.Ad-Hoc|Any CPU.Build.0 = Debug|x86
		{7F14B37F-5081-4D0D-99D4-354EEDEA45EA}.Ad-Hoc|Any CPU.Deploy.0 = Debug|x86
		{7F14B37F-5081-4D0D-99D4-354EEDEA45EA}.Ad-Hoc|ARM.ActiveCfg = Debug|ARM
		{7F14B37F-5081-4D0D-99D4-354EEDEA45EA}.Ad-Hoc|ARM.Build.0 = Debug|ARM
		{7F14B37F-5081-4D0D-99D4-354EEDEA45EA}.Ad-Hoc|ARM.Deploy.0 = Debug|ARM
		{7F14B37F-5081-4D0D-99D4-354EEDEA45EA}.Ad-Hoc|ARM64.ActiveCfg = Debug|ARM64
		{7F14B37F-5081-4D0D-99D4-354EEDEA45EA}.Ad-Hoc|ARM64.Build.0 = Debug|ARM64
		{7F14B37F-5081-4D0D-99D4-354EEDEA45EA}.Ad-Hoc|ARM64.Deploy.0 = Debug|ARM64
		{7F14B37F-5081-4D0D-99D4-354EEDEA45EA}.Ad-Hoc|iPhone.ActiveCfg = Debug|x86
		{7F14B37F-5081-4D0D-99D4-354EEDEA45EA}.Ad-Hoc|iPhone.Build.0 = Debug|x86
		{7F14B37F-5081-4D0D-99D4-354EEDEA45EA}.Ad-Hoc|iPhone.Deploy.0 = Debug|x86
		{7F14B37F-5081-4D0D-99D4-354EEDEA45EA}.Ad-Hoc|iPhoneSimulator.ActiveCfg = Debug|x86
		{7F14B37F-5081-4D0D-99D4-354EEDEA45EA}.Ad-Hoc|iPhoneSimulator.Build.0 = Debug|x86
		{7F14B37F-5081-4D0D-99D4-354EEDEA45EA}.Ad-Hoc|iPhoneSimulator.Deploy.0 = Debug|x86
		{7F14B37F-5081-4D0D-99D4-354EEDEA45EA}.Ad-Hoc|x64.ActiveCfg = Debug|x64
		{7F14B37F-5081-4D0D-99D4-354EEDEA45EA}.Ad-Hoc|x64.Build.0 = Debug|x64
		{7F14B37F-5081-4D0D-99D4-354EEDEA45EA}.Ad-Hoc|x64.Deploy.0 = Debug|x64
		{7F14B37F-5081-4D0D-99D4-354EEDEA45EA}.Ad-Hoc|x86.ActiveCfg = Debug|x86
		{7F14B37F-5081-4D0D-99D4-354EEDEA45EA}.Ad-Hoc|x86.Build.0 = Debug|x86
		{7F14B37F-5081-4D0D-99D4-354EEDEA45EA}.Ad-Hoc|x86.Deploy.0 = Debug|x86
		{7F14B37F-5081-4D0D-99D4-354EEDEA45EA}.AppStore|Any CPU.ActiveCfg = Debug|x86
		{7F14B37F-5081-4D0D-99D4-354EEDEA45EA}.AppStore|Any CPU.Build.0 = Debug|x86
		{7F14B37F-5081-4D0D-99D4-354EEDEA45EA}.AppStore|Any CPU.Deploy.0 = Debug|x86
		{7F14B37F-5081-4D0D-99D4-354EEDEA45EA}.AppStore|ARM.ActiveCfg = Debug|ARM
		{7F14B37F-5081-4D0D-99D4-354EEDEA45EA}.AppStore|ARM.Build.0 = Debug|ARM
		{7F14B37F-5081-4D0D-99D4-354EEDEA45EA}.AppStore|ARM.Deploy.0 = Debug|ARM
		{7F14B37F-5081-4D0D-99D4-354EEDEA45EA}.AppStore|ARM64.ActiveCfg = Debug|ARM64
		{7F14B37F-5081-4D0D-99D4-354EEDEA45EA}.AppStore|ARM64.Build.0 = Debug|ARM64
		{7F14B37F-5081-4D0D-99D4-354EEDEA45EA}.AppStore|ARM64.Deploy.0 = Debug|ARM64
		{7F14B37F-5081-4D0D-99D4-354EEDEA45EA}.AppStore|iPhone.ActiveCfg = Debug|x86
		{7F14B37F-5081-4D0D-99D4-354EEDEA45EA}.AppStore|iPhone.Build.0 = Debug|x86
		{7F14B37F-5081-4D0D-99D4-354EEDEA45EA}.AppStore|iPhone.Deploy.0 = Debug|x86
		{7F14B37F-5081-4D0D-99D4-354EEDEA45EA}.AppStore|iPhoneSimulator.ActiveCfg = Debug|x86
		{7F14B37F-5081-4D0D-99D4-354EEDEA45EA}.AppStore|iPhoneSimulator.Build.0 = Debug|x86
		{7F14B37F-5081-4D0D-99D4-354EEDEA45EA}.AppStore|iPhoneSimulator.Deploy.0 = Debug|x86
		{7F14B37F-5081-4D0D-99D4-354EEDEA45EA}.AppStore|x64.ActiveCfg = Debug|x64
		{7F14B37F-5081-4D0D-99D4-354EEDEA45EA}.AppStore|x64.Build.0 = Debug|x64
		{7F14B37F-5081-4D0D-99D4-354EEDEA45EA}.AppStore|x64.Deploy.0 = Debug|x64
		{7F14B37F-5081-4D0D-99D4-354EEDEA45EA}.AppStore|x86.ActiveCfg = Debug|x86
		{7F14B37F-5081-4D0D-99D4-354EEDEA45EA}.AppStore|x86.Build.0 = Debug|x86
		{7F14B37F-5081-4D0D-99D4-354EEDEA45EA}.AppStore|x86.Deploy.0 = Debug|x86
		{7F14B37F-5081-4D0D-99D4-354EEDEA45EA}.Debug|Any CPU.ActiveCfg = Debug|x86
		{7F14B37F-5081-4D0D-99D4-354EEDEA45EA}.Debug|ARM.ActiveCfg = Debug|ARM
		{7F14B37F-5081-4D0D-99D4-354EEDEA45EA}.Debug|ARM.Build.0 = Debug|ARM
		{7F14B37F-5081-4D0D-99D4-354EEDEA45EA}.Debug|ARM.Deploy.0 = Debug|ARM
		{7F14B37F-5081-4D0D-99D4-354EEDEA45EA}.Debug|ARM64.ActiveCfg = Debug|ARM64
		{7F14B37F-5081-4D0D-99D4-354EEDEA45EA}.Debug|ARM64.Build.0 = Debug|ARM64
		{7F14B37F-5081-4D0D-99D4-354EEDEA45EA}.Debug|ARM64.Deploy.0 = Debug|ARM64
		{7F14B37F-5081-4D0D-99D4-354EEDEA45EA}.Debug|iPhone.ActiveCfg = Debug|x86
		{7F14B37F-5081-4D0D-99D4-354EEDEA45EA}.Debug|iPhoneSimulator.ActiveCfg = Debug|x86
		{7F14B37F-5081-4D0D-99D4-354EEDEA45EA}.Debug|x64.ActiveCfg = Debug|x64
		{7F14B37F-5081-4D0D-99D4-354EEDEA45EA}.Debug|x64.Build.0 = Debug|x64
		{7F14B37F-5081-4D0D-99D4-354EEDEA45EA}.Debug|x64.Deploy.0 = Debug|x64
		{7F14B37F-5081-4D0D-99D4-354EEDEA45EA}.Debug|x86.ActiveCfg = Debug|x86
		{7F14B37F-5081-4D0D-99D4-354EEDEA45EA}.Debug|x86.Build.0 = Debug|x86
		{7F14B37F-5081-4D0D-99D4-354EEDEA45EA}.Debug|x86.Deploy.0 = Debug|x86
		{7F14B37F-5081-4D0D-99D4-354EEDEA45EA}.Release|Any CPU.ActiveCfg = Release|x86
		{7F14B37F-5081-4D0D-99D4-354EEDEA45EA}.Release|ARM.ActiveCfg = Release|ARM
		{7F14B37F-5081-4D0D-99D4-354EEDEA45EA}.Release|ARM.Build.0 = Release|ARM
		{7F14B37F-5081-4D0D-99D4-354EEDEA45EA}.Release|ARM.Deploy.0 = Release|ARM
		{7F14B37F-5081-4D0D-99D4-354EEDEA45EA}.Release|ARM64.ActiveCfg = Release|ARM64
		{7F14B37F-5081-4D0D-99D4-354EEDEA45EA}.Release|ARM64.Build.0 = Release|ARM64
		{7F14B37F-5081-4D0D-99D4-354EEDEA45EA}.Release|ARM64.Deploy.0 = Release|ARM64
		{7F14B37F-5081-4D0D-99D4-354EEDEA45EA}.Release|iPhone.ActiveCfg = Release|x86
		{7F14B37F-5081-4D0D-99D4-354EEDEA45EA}.Release|iPhoneSimulator.ActiveCfg = Release|x86
		{7F14B37F-5081-4D0D-99D4-354EEDEA45EA}.Release|x64.ActiveCfg = Release|x64
		{7F14B37F-5081-4D0D-99D4-354EEDEA45EA}.Release|x64.Build.0 = Release|x64
		{7F14B37F-5081-4D0D-99D4-354EEDEA45EA}.Release|x64.Deploy.0 = Release|x64
		{7F14B37F-5081-4D0D-99D4-354EEDEA45EA}.Release|x86.ActiveCfg = Release|x86
		{7F14B37F-5081-4D0D-99D4-354EEDEA45EA}.Release|x86.Build.0 = Release|x86
		{7F14B37F-5081-4D0D-99D4-354EEDEA45EA}.Release|x86.Deploy.0 = Release|x86
		{47506905-6A72-40BC-B68B-41DE8077B8C0}.Ad-Hoc|Any CPU.ActiveCfg = Release|Any CPU
		{47506905-6A72-40BC-B68B-41DE8077B8C0}.Ad-Hoc|Any CPU.Build.0 = Release|Any CPU
		{47506905-6A72-40BC-B68B-41DE8077B8C0}.Ad-Hoc|ARM.ActiveCfg = Release|Any CPU
		{47506905-6A72-40BC-B68B-41DE8077B8C0}.Ad-Hoc|ARM.Build.0 = Release|Any CPU
		{47506905-6A72-40BC-B68B-41DE8077B8C0}.Ad-Hoc|ARM64.ActiveCfg = Release|Any CPU
		{47506905-6A72-40BC-B68B-41DE8077B8C0}.Ad-Hoc|ARM64.Build.0 = Release|Any CPU
		{47506905-6A72-40BC-B68B-41DE8077B8C0}.Ad-Hoc|iPhone.ActiveCfg = Release|Any CPU
		{47506905-6A72-40BC-B68B-41DE8077B8C0}.Ad-Hoc|iPhone.Build.0 = Release|Any CPU
		{47506905-6A72-40BC-B68B-41DE8077B8C0}.Ad-Hoc|iPhoneSimulator.ActiveCfg = Release|Any CPU
		{47506905-6A72-40BC-B68B-41DE8077B8C0}.Ad-Hoc|iPhoneSimulator.Build.0 = Release|Any CPU
		{47506905-6A72-40BC-B68B-41DE8077B8C0}.Ad-Hoc|x64.ActiveCfg = Release|Any CPU
		{47506905-6A72-40BC-B68B-41DE8077B8C0}.Ad-Hoc|x64.Build.0 = Release|Any CPU
		{47506905-6A72-40BC-B68B-41DE8077B8C0}.Ad-Hoc|x86.ActiveCfg = Release|Any CPU
		{47506905-6A72-40BC-B68B-41DE8077B8C0}.Ad-Hoc|x86.Build.0 = Release|Any CPU
		{47506905-6A72-40BC-B68B-41DE8077B8C0}.AppStore|Any CPU.ActiveCfg = Release|Any CPU
		{47506905-6A72-40BC-B68B-41DE8077B8C0}.AppStore|Any CPU.Build.0 = Release|Any CPU
		{47506905-6A72-40BC-B68B-41DE8077B8C0}.AppStore|ARM.ActiveCfg = Release|Any CPU
		{47506905-6A72-40BC-B68B-41DE8077B8C0}.AppStore|ARM.Build.0 = Release|Any CPU
		{47506905-6A72-40BC-B68B-41DE8077B8C0}.AppStore|ARM64.ActiveCfg = Release|Any CPU
		{47506905-6A72-40BC-B68B-41DE8077B8C0}.AppStore|ARM64.Build.0 = Release|Any CPU
		{47506905-6A72-40BC-B68B-41DE8077B8C0}.AppStore|iPhone.ActiveCfg = Release|Any CPU
		{47506905-6A72-40BC-B68B-41DE8077B8C0}.AppStore|iPhone.Build.0 = Release|Any CPU
		{47506905-6A72-40BC-B68B-41DE8077B8C0}.AppStore|iPhoneSimulator.ActiveCfg = Release|Any CPU
		{47506905-6A72-40BC-B68B-41DE8077B8C0}.AppStore|iPhoneSimulator.Build.0 = Release|Any CPU
		{47506905-6A72-40BC-B68B-41DE8077B8C0}.AppStore|x64.ActiveCfg = Release|Any CPU
		{47506905-6A72-40BC-B68B-41DE8077B8C0}.AppStore|x64.Build.0 = Release|Any CPU
		{47506905-6A72-40BC-B68B-41DE8077B8C0}.AppStore|x86.ActiveCfg = Release|Any CPU
		{47506905-6A72-40BC-B68B-41DE8077B8C0}.AppStore|x86.Build.0 = Release|Any CPU
		{47506905-6A72-40BC-B68B-41DE8077B8C0}.Debug|Any CPU.ActiveCfg = Debug|Any CPU
		{47506905-6A72-40BC-B68B-41DE8077B8C0}.Debug|Any CPU.Build.0 = Debug|Any CPU
		{47506905-6A72-40BC-B68B-41DE8077B8C0}.Debug|ARM.ActiveCfg = Debug|Any CPU
		{47506905-6A72-40BC-B68B-41DE8077B8C0}.Debug|ARM.Build.0 = Debug|Any CPU
		{47506905-6A72-40BC-B68B-41DE8077B8C0}.Debug|ARM64.ActiveCfg = Debug|Any CPU
		{47506905-6A72-40BC-B68B-41DE8077B8C0}.Debug|ARM64.Build.0 = Debug|Any CPU
		{47506905-6A72-40BC-B68B-41DE8077B8C0}.Debug|iPhone.ActiveCfg = Debug|Any CPU
		{47506905-6A72-40BC-B68B-41DE8077B8C0}.Debug|iPhone.Build.0 = Debug|Any CPU
		{47506905-6A72-40BC-B68B-41DE8077B8C0}.Debug|iPhoneSimulator.ActiveCfg = Debug|Any CPU
		{47506905-6A72-40BC-B68B-41DE8077B8C0}.Debug|iPhoneSimulator.Build.0 = Debug|Any CPU
		{47506905-6A72-40BC-B68B-41DE8077B8C0}.Debug|x64.ActiveCfg = Debug|Any CPU
		{47506905-6A72-40BC-B68B-41DE8077B8C0}.Debug|x64.Build.0 = Debug|Any CPU
		{47506905-6A72-40BC-B68B-41DE8077B8C0}.Debug|x86.ActiveCfg = Debug|Any CPU
		{47506905-6A72-40BC-B68B-41DE8077B8C0}.Debug|x86.Build.0 = Debug|Any CPU
		{47506905-6A72-40BC-B68B-41DE8077B8C0}.Release|Any CPU.ActiveCfg = Release|Any CPU
		{47506905-6A72-40BC-B68B-41DE8077B8C0}.Release|Any CPU.Build.0 = Release|Any CPU
		{47506905-6A72-40BC-B68B-41DE8077B8C0}.Release|ARM.ActiveCfg = Release|Any CPU
		{47506905-6A72-40BC-B68B-41DE8077B8C0}.Release|ARM.Build.0 = Release|Any CPU
		{47506905-6A72-40BC-B68B-41DE8077B8C0}.Release|ARM64.ActiveCfg = Release|Any CPU
		{47506905-6A72-40BC-B68B-41DE8077B8C0}.Release|ARM64.Build.0 = Release|Any CPU
		{47506905-6A72-40BC-B68B-41DE8077B8C0}.Release|iPhone.ActiveCfg = Release|Any CPU
		{47506905-6A72-40BC-B68B-41DE8077B8C0}.Release|iPhone.Build.0 = Release|Any CPU
		{47506905-6A72-40BC-B68B-41DE8077B8C0}.Release|iPhoneSimulator.ActiveCfg = Release|Any CPU
		{47506905-6A72-40BC-B68B-41DE8077B8C0}.Release|iPhoneSimulator.Build.0 = Release|Any CPU
		{47506905-6A72-40BC-B68B-41DE8077B8C0}.Release|x64.ActiveCfg = Release|Any CPU
		{47506905-6A72-40BC-B68B-41DE8077B8C0}.Release|x64.Build.0 = Release|Any CPU
		{47506905-6A72-40BC-B68B-41DE8077B8C0}.Release|x86.ActiveCfg = Release|Any CPU
		{47506905-6A72-40BC-B68B-41DE8077B8C0}.Release|x86.Build.0 = Release|Any CPU
		{D4321F28-B722-41E6-ACB2-62F954CBB970}.Ad-Hoc|Any CPU.ActiveCfg = Debug|iPhoneSimulator
		{D4321F28-B722-41E6-ACB2-62F954CBB970}.Ad-Hoc|Any CPU.Build.0 = Debug|iPhoneSimulator
		{D4321F28-B722-41E6-ACB2-62F954CBB970}.Ad-Hoc|ARM.ActiveCfg = Debug|iPhoneSimulator
		{D4321F28-B722-41E6-ACB2-62F954CBB970}.Ad-Hoc|ARM.Build.0 = Debug|iPhoneSimulator
		{D4321F28-B722-41E6-ACB2-62F954CBB970}.Ad-Hoc|ARM64.ActiveCfg = Debug|iPhoneSimulator
		{D4321F28-B722-41E6-ACB2-62F954CBB970}.Ad-Hoc|ARM64.Build.0 = Debug|iPhoneSimulator
		{D4321F28-B722-41E6-ACB2-62F954CBB970}.Ad-Hoc|iPhone.ActiveCfg = Debug|iPhoneSimulator
		{D4321F28-B722-41E6-ACB2-62F954CBB970}.Ad-Hoc|iPhone.Build.0 = Debug|iPhoneSimulator
		{D4321F28-B722-41E6-ACB2-62F954CBB970}.Ad-Hoc|iPhoneSimulator.ActiveCfg = Debug|iPhoneSimulator
		{D4321F28-B722-41E6-ACB2-62F954CBB970}.Ad-Hoc|iPhoneSimulator.Build.0 = Debug|iPhoneSimulator
		{D4321F28-B722-41E6-ACB2-62F954CBB970}.Ad-Hoc|x64.ActiveCfg = Debug|iPhoneSimulator
		{D4321F28-B722-41E6-ACB2-62F954CBB970}.Ad-Hoc|x64.Build.0 = Debug|iPhoneSimulator
		{D4321F28-B722-41E6-ACB2-62F954CBB970}.Ad-Hoc|x86.ActiveCfg = Debug|iPhoneSimulator
		{D4321F28-B722-41E6-ACB2-62F954CBB970}.Ad-Hoc|x86.Build.0 = Debug|iPhoneSimulator
		{D4321F28-B722-41E6-ACB2-62F954CBB970}.AppStore|Any CPU.ActiveCfg = Debug|iPhoneSimulator
		{D4321F28-B722-41E6-ACB2-62F954CBB970}.AppStore|Any CPU.Build.0 = Debug|iPhoneSimulator
		{D4321F28-B722-41E6-ACB2-62F954CBB970}.AppStore|ARM.ActiveCfg = Debug|iPhoneSimulator
		{D4321F28-B722-41E6-ACB2-62F954CBB970}.AppStore|ARM.Build.0 = Debug|iPhoneSimulator
		{D4321F28-B722-41E6-ACB2-62F954CBB970}.AppStore|ARM64.ActiveCfg = Debug|iPhoneSimulator
		{D4321F28-B722-41E6-ACB2-62F954CBB970}.AppStore|ARM64.Build.0 = Debug|iPhoneSimulator
		{D4321F28-B722-41E6-ACB2-62F954CBB970}.AppStore|iPhone.ActiveCfg = Debug|iPhoneSimulator
		{D4321F28-B722-41E6-ACB2-62F954CBB970}.AppStore|iPhone.Build.0 = Debug|iPhoneSimulator
		{D4321F28-B722-41E6-ACB2-62F954CBB970}.AppStore|iPhoneSimulator.ActiveCfg = Debug|iPhoneSimulator
		{D4321F28-B722-41E6-ACB2-62F954CBB970}.AppStore|iPhoneSimulator.Build.0 = Debug|iPhoneSimulator
		{D4321F28-B722-41E6-ACB2-62F954CBB970}.AppStore|x64.ActiveCfg = Debug|iPhoneSimulator
		{D4321F28-B722-41E6-ACB2-62F954CBB970}.AppStore|x64.Build.0 = Debug|iPhoneSimulator
		{D4321F28-B722-41E6-ACB2-62F954CBB970}.AppStore|x86.ActiveCfg = Debug|iPhoneSimulator
		{D4321F28-B722-41E6-ACB2-62F954CBB970}.AppStore|x86.Build.0 = Debug|iPhoneSimulator
		{D4321F28-B722-41E6-ACB2-62F954CBB970}.Debug|Any CPU.ActiveCfg = Debug|iPhoneSimulator
		{D4321F28-B722-41E6-ACB2-62F954CBB970}.Debug|ARM.ActiveCfg = Debug|iPhoneSimulator
		{D4321F28-B722-41E6-ACB2-62F954CBB970}.Debug|ARM64.ActiveCfg = Debug|iPhoneSimulator
		{D4321F28-B722-41E6-ACB2-62F954CBB970}.Debug|iPhone.ActiveCfg = Debug|iPhoneSimulator
		{D4321F28-B722-41E6-ACB2-62F954CBB970}.Debug|iPhoneSimulator.ActiveCfg = Debug|iPhoneSimulator
		{D4321F28-B722-41E6-ACB2-62F954CBB970}.Debug|iPhoneSimulator.Build.0 = Debug|iPhoneSimulator
		{D4321F28-B722-41E6-ACB2-62F954CBB970}.Debug|x64.ActiveCfg = Debug|iPhoneSimulator
		{D4321F28-B722-41E6-ACB2-62F954CBB970}.Debug|x86.ActiveCfg = Debug|iPhoneSimulator
		{D4321F28-B722-41E6-ACB2-62F954CBB970}.Release|Any CPU.ActiveCfg = Release|iPhoneSimulator
		{D4321F28-B722-41E6-ACB2-62F954CBB970}.Release|ARM.ActiveCfg = Release|iPhoneSimulator
		{D4321F28-B722-41E6-ACB2-62F954CBB970}.Release|ARM64.ActiveCfg = Release|iPhoneSimulator
		{D4321F28-B722-41E6-ACB2-62F954CBB970}.Release|iPhone.ActiveCfg = Release|iPhoneSimulator
		{D4321F28-B722-41E6-ACB2-62F954CBB970}.Release|iPhoneSimulator.ActiveCfg = Release|iPhoneSimulator
		{D4321F28-B722-41E6-ACB2-62F954CBB970}.Release|iPhoneSimulator.Build.0 = Release|iPhoneSimulator
		{D4321F28-B722-41E6-ACB2-62F954CBB970}.Release|x64.ActiveCfg = Release|iPhoneSimulator
		{D4321F28-B722-41E6-ACB2-62F954CBB970}.Release|x86.ActiveCfg = Release|iPhoneSimulator
	EndGlobalSection
	GlobalSection(SolutionProperties) = preSolution
		HideSolutionNode = FALSE
	EndGlobalSection
	GlobalSection(ExtensibilityGlobals) = postSolution
		SolutionGuid = {759D2ED9-1B92-4326-8437-0886A6E0F21D}
	EndGlobalSection
EndGlobal
